
Microsoft Visual Studio Solution File, Format Version 12.00
# Visual Studio 2013
VisualStudioVersion = 12.0.40629.0
MinimumVisualStudioVersion = 10.0.40219.1
Project("{FAE04EC0-301F-11D3-BF4B-00C04F79EFBC}") = "342_til_1007_vis_test_konverter", "342_til_1007_Vis_og_test\342_til_1007_vis_test_konverter.csproj", "{FFECB236-D3AA-48B1-A726-BD518E33F494}"
EndProject
Global
	GlobalSection(SolutionConfigurationPlatforms) = preSolution
		Debug|Any CPU = Debug|Any CPU
		Release|Any CPU = Release|Any CPU
	EndGlobalSection
	GlobalSection(ProjectConfigurationPlatforms) = postSolution
		{FFECB236-D3AA-48B1-A726-BD518E33F494}.Debug|Any CPU.ActiveCfg = Debug|Any CPU
		{FFECB236-D3AA-48B1-A726-BD518E33F494}.Debug|Any CPU.Build.0 = Debug|Any CPU
		{FFECB236-D3AA-48B1-A726-BD518E33F494}.Release|Any CPU.ActiveCfg = Release|Any CPU
		{FFECB236-D3AA-48B1-A726-BD518E33F494}.Release|Any CPU.Build.0 = Release|Any CPU
	EndGlobalSection
	GlobalSection(SolutionProperties) = preSolution
		HideSolutionNode = FALSE
	EndGlobalSection
EndGlobal
