
Microsoft Visual Studio Solution File, Format Version 12.00
# Visual Studio 15
VisualStudioVersion = 15.0.28307.645
MinimumVisualStudioVersion = 10.0.40219.1
Project("{FAE04EC0-301F-11D3-BF4B-00C04F79EFBC}") = "Styx", "Styx\Styx.csproj", "{56CBB1F9-9145-44C4-B0EB-D4CE905AF968}"
EndProject
Project("{FAE04EC0-301F-11D3-BF4B-00C04F79EFBC}") = "StyxConsole", "StyxConsole\StyxConsole.csproj", "{52DA7C2C-8DA8-4310-A028-CC895AD51436}"
EndProject
Project("{FAE04EC0-301F-11D3-BF4B-00C04F79EFBC}") = "StyxForm", "StyxForm\StyxForm.csproj", "{CBA351E4-5980-48EE-8197-4E716CC3E2B6}"
EndProject
Global
	GlobalSection(SolutionConfigurationPlatforms) = preSolution
		Debug|Any CPU = Debug|Any CPU
		Release|Any CPU = Release|Any CPU
	EndGlobalSection
	GlobalSection(ProjectConfigurationPlatforms) = postSolution
		{56CBB1F9-9145-44C4-B0EB-D4CE905AF968}.Debug|Any CPU.ActiveCfg = Debug|Any CPU
		{56CBB1F9-9145-44C4-B0EB-D4CE905AF968}.Debug|Any CPU.Build.0 = Debug|Any CPU
		{56CBB1F9-9145-44C4-B0EB-D4CE905AF968}.Release|Any CPU.ActiveCfg = Release|Any CPU
		{56CBB1F9-9145-44C4-B0EB-D4CE905AF968}.Release|Any CPU.Build.0 = Release|Any CPU
		{52DA7C2C-8DA8-4310-A028-CC895AD51436}.Debug|Any CPU.ActiveCfg = Debug|Any CPU
		{52DA7C2C-8DA8-4310-A028-CC895AD51436}.Debug|Any CPU.Build.0 = Debug|Any CPU
		{52DA7C2C-8DA8-4310-A028-CC895AD51436}.Release|Any CPU.ActiveCfg = Release|Any CPU
		{52DA7C2C-8DA8-4310-A028-CC895AD51436}.Release|Any CPU.Build.0 = Release|Any CPU
		{CBA351E4-5980-48EE-8197-4E716CC3E2B6}.Debug|Any CPU.ActiveCfg = Debug|Any CPU
		{CBA351E4-5980-48EE-8197-4E716CC3E2B6}.Debug|Any CPU.Build.0 = Debug|Any CPU
		{CBA351E4-5980-48EE-8197-4E716CC3E2B6}.Release|Any CPU.ActiveCfg = Release|Any CPU
		{CBA351E4-5980-48EE-8197-4E716CC3E2B6}.Release|Any CPU.Build.0 = Release|Any CPU
	EndGlobalSection
	GlobalSection(SolutionProperties) = preSolution
		HideSolutionNode = FALSE
	EndGlobalSection
	GlobalSection(ExtensibilityGlobals) = postSolution
		SolutionGuid = {02B2967C-8D0E-470F-8EBF-76F3E2DDE5CD}
	EndGlobalSection
EndGlobal
